{
  "name": "blog",
  "lockfileVersion": 3,
  "requires": true,
  "packages": {
    "": {
      "dependencies": {
        "highlight.js": "^11.9.0",
        "marked": "^11.1.1"
      }
    },
    "node_modules/highlight.js": {
      "version": "11.9.0",
      "resolved": "https://registry.npmjs.org/highlight.js/-/highlight.js-11.9.0.tgz",
      "integrity": "sha512-fJ7cW7fQGCYAkgv4CPfwFHrfd/cLS4Hau96JuJ+ZTOWhjnhoeN1ub1tFmALm/+lW5z4WCAuAV9bm05AP0mS6Gw==",
      "engines": {
        "node": ">=12.0.0"
      }
    },
    "node_modules/marked": {
      "version": "11.1.1",
      "resolved": "https://registry.npmjs.org/marked/-/marked-11.1.1.tgz",
      "integrity": "sha512-EgxRjgK9axsQuUa/oKMx5DEY8oXpKJfk61rT5iY3aRlgU6QJtUcxU5OAymdhCvWvhYcd9FKmO5eQoX8m9VGJXg==",
      "bin": {
        "marked": "bin/marked.js"
      },
      "engines": {
        "node": ">= 18"
      }
    }
  }
}
